
Microsoft Visual Studio Solution File, Format Version 12.00
# Visual Studio Version 17
VisualStudioVersion = 17.7.34221.43
MinimumVisualStudioVersion = 10.0.40219.1
Project("{9A19103F-16F7-4668-BE54-9A1E7A4F7556}") = "PopCast", "PopCast\PopCast.csproj", "{6BF93CA9-6C44-481C-921F-A3764E53CB6C}"
EndProject
Global
	GlobalSection(SolutionConfigurationPlatforms) = preSolution
		Debug|Any CPU = Debug|Any CPU
		Release|Any CPU = Release|Any CPU
		Win32Debug|Any CPU = Win32Debug|Any CPU
		Win32Release|Any CPU = Win32Release|Any CPU
	EndGlobalSection
	GlobalSection(ProjectConfigurationPlatforms) = postSolution
		{6BF93CA9-6C44-481C-921F-A3764E53CB6C}.Debug|Any CPU.ActiveCfg = Debug|Any CPU
		{6BF93CA9-6C44-481C-921F-A3764E53CB6C}.Debug|Any CPU.Build.0 = Debug|Any CPU
		{6BF93CA9-6C44-481C-921F-A3764E53CB6C}.Release|Any CPU.ActiveCfg = Release|Any CPU
		{6BF93CA9-6C44-481C-921F-A3764E53CB6C}.Release|Any CPU.Build.0 = Release|Any CPU
		{6BF93CA9-6C44-481C-921F-A3764E53CB6C}.Win32Debug|Any CPU.ActiveCfg = Debug|Any CPU
		{6BF93CA9-6C44-481C-921F-A3764E53CB6C}.Win32Debug|Any CPU.Build.0 = Debug|Any CPU
		{6BF93CA9-6C44-481C-921F-A3764E53CB6C}.Win32Release|Any CPU.ActiveCfg = Release|Any CPU
		{6BF93CA9-6C44-481C-921F-A3764E53CB6C}.Win32Release|Any CPU.Build.0 = Release|Any CPU
	EndGlobalSection
	GlobalSection(SolutionProperties) = preSolution
		HideSolutionNode = FALSE
	EndGlobalSection
	GlobalSection(ExtensibilityGlobals) = postSolution
		SolutionGuid = {8C99EB6C-BB70-4819-AE7F-8A2008B3993B}
	EndGlobalSection
EndGlobal
